
Microsoft Visual Studio Solution File, Format Version 12.00
# Visual Studio Version 16
VisualStudioVersion = 16.0.30114.105
MinimumVisualStudioVersion = 10.0.40219.1
Project("{2150E333-8FDC-42A3-9474-1A3956D46DE8}") = "src", "src", "{68CE2084-004E-46D8-B4A5-934FC65C5BF9}"
EndProject
Project("{FAE04EC0-301F-11D3-BF4B-00C04F79EFBC}") = "MdGen.Core", "src\MdGen.Core\MdGen.Core.csproj", "{B9EA8662-CFF7-4F0E-9979-B35BD92F5E92}"
EndProject
Project("{2150E333-8FDC-42A3-9474-1A3956D46DE8}") = "test", "test", "{AB1ACE57-A73C-4F8C-A664-FFFED6CD862C}"
EndProject
Project("{FAE04EC0-301F-11D3-BF4B-00C04F79EFBC}") = "MdGen.Core.Tests", "test\MdGen.Core.Tests\MdGen.Core.Tests.csproj", "{A1719E74-27A0-4891-8C98-3D2F12C4FC82}"
EndProject
Global
	GlobalSection(SolutionConfigurationPlatforms) = preSolution
		Debug|Any CPU = Debug|Any CPU
		Release|Any CPU = Release|Any CPU
	EndGlobalSection
	GlobalSection(SolutionProperties) = preSolution
		HideSolutionNode = FALSE
	EndGlobalSection
	GlobalSection(ProjectConfigurationPlatforms) = postSolution
		{B9EA8662-CFF7-4F0E-9979-B35BD92F5E92}.Debug|Any CPU.ActiveCfg = Debug|Any CPU
		{B9EA8662-CFF7-4F0E-9979-B35BD92F5E92}.Debug|Any CPU.Build.0 = Debug|Any CPU
		{B9EA8662-CFF7-4F0E-9979-B35BD92F5E92}.Release|Any CPU.ActiveCfg = Release|Any CPU
		{B9EA8662-CFF7-4F0E-9979-B35BD92F5E92}.Release|Any CPU.Build.0 = Release|Any CPU
		{A1719E74-27A0-4891-8C98-3D2F12C4FC82}.Debug|Any CPU.ActiveCfg = Debug|Any CPU
		{A1719E74-27A0-4891-8C98-3D2F12C4FC82}.Debug|Any CPU.Build.0 = Debug|Any CPU
		{A1719E74-27A0-4891-8C98-3D2F12C4FC82}.Release|Any CPU.ActiveCfg = Release|Any CPU
		{A1719E74-27A0-4891-8C98-3D2F12C4FC82}.Release|Any CPU.Build.0 = Release|Any CPU
	EndGlobalSection
	GlobalSection(NestedProjects) = preSolution
		{B9EA8662-CFF7-4F0E-9979-B35BD92F5E92} = {68CE2084-004E-46D8-B4A5-934FC65C5BF9}
		{A1719E74-27A0-4891-8C98-3D2F12C4FC82} = {AB1ACE57-A73C-4F8C-A664-FFFED6CD862C}
	EndGlobalSection
EndGlobal
